
Microsoft Visual Studio Solution File, Format Version 12.00
# Visual Studio Version 17
VisualStudioVersion = 17.8.34525.116
MinimumVisualStudioVersion = 10.0.40219.1
Project("{2150E333-8FDC-42A3-9474-1A3956D46DE8}") = "src", "src", "{55CCE99C-121C-45CE-8BB0-866C07A9334F}"
EndProject
Project("{2150E333-8FDC-42A3-9474-1A3956D46DE8}") = "test", "test", "{56E404C0-85B2-4281-94E9-DB0070D662A0}"
EndProject
Project("{9A19103F-16F7-4668-BE54-9A1E7A4F7556}") = "Bookify.Domain", "Bookify.Domain\Bookify.Domain.csproj", "{4A667355-D175-4E24-973B-0DBD35941500}"
EndProject
Project("{FAE04EC0-301F-11D3-BF4B-00C04F79EFBC}") = "Bookify.Application", "Bookify.Application\Bookify.Application.csproj", "{FE733A72-E40F-4984-8976-DD25870D6B00}"
EndProject
Global
	GlobalSection(SolutionConfigurationPlatforms) = preSolution
		Debug|Any CPU = Debug|Any CPU
		Release|Any CPU = Release|Any CPU
	EndGlobalSection
	GlobalSection(ProjectConfigurationPlatforms) = postSolution
		{4A667355-D175-4E24-973B-0DBD35941500}.Debug|Any CPU.ActiveCfg = Debug|Any CPU
		{4A667355-D175-4E24-973B-0DBD35941500}.Debug|Any CPU.Build.0 = Debug|Any CPU
		{4A667355-D175-4E24-973B-0DBD35941500}.Release|Any CPU.ActiveCfg = Release|Any CPU
		{4A667355-D175-4E24-973B-0DBD35941500}.Release|Any CPU.Build.0 = Release|Any CPU
		{FE733A72-E40F-4984-8976-DD25870D6B00}.Debug|Any CPU.ActiveCfg = Debug|Any CPU
		{FE733A72-E40F-4984-8976-DD25870D6B00}.Debug|Any CPU.Build.0 = Debug|Any CPU
		{FE733A72-E40F-4984-8976-DD25870D6B00}.Release|Any CPU.ActiveCfg = Release|Any CPU
		{FE733A72-E40F-4984-8976-DD25870D6B00}.Release|Any CPU.Build.0 = Release|Any CPU
	EndGlobalSection
	GlobalSection(SolutionProperties) = preSolution
		HideSolutionNode = FALSE
	EndGlobalSection
	GlobalSection(NestedProjects) = preSolution
		{4A667355-D175-4E24-973B-0DBD35941500} = {55CCE99C-121C-45CE-8BB0-866C07A9334F}
	EndGlobalSection
	GlobalSection(ExtensibilityGlobals) = postSolution
		SolutionGuid = {9F04D60F-8637-4977-8271-F0EBC0CAB64A}
	EndGlobalSection
EndGlobal
